
Microsoft Visual Studio Solution File, Format Version 12.00
# Visual Studio Version 16
VisualStudioVersion = 16.0.29418.71
MinimumVisualStudioVersion = 10.0.40219.1
Project("{FAE04EC0-301F-11D3-BF4B-00C04F79EFBC}") = "ShamirSecret", "ShamirSecret\ShamirSecret.csproj", "{FDBFB459-41E1-4CD6-ADD5-087CCC6678B6}"
EndProject
Project("{FAE04EC0-301F-11D3-BF4B-00C04F79EFBC}") = "CryptoTests", "CryptoTests\CryptoTests.csproj", "{1AD94BCB-79A6-4C8F-B6ED-8CBB4C6A8D1E}"
EndProject
Global
	GlobalSection(SolutionConfigurationPlatforms) = preSolution
		Debug|Any CPU = Debug|Any CPU
		Release|Any CPU = Release|Any CPU
	EndGlobalSection
	GlobalSection(ProjectConfigurationPlatforms) = postSolution
		{FDBFB459-41E1-4CD6-ADD5-087CCC6678B6}.Debug|Any CPU.ActiveCfg = Debug|Any CPU
		{FDBFB459-41E1-4CD6-ADD5-087CCC6678B6}.Debug|Any CPU.Build.0 = Debug|Any CPU
		{FDBFB459-41E1-4CD6-ADD5-087CCC6678B6}.Release|Any CPU.ActiveCfg = Release|Any CPU
		{FDBFB459-41E1-4CD6-ADD5-087CCC6678B6}.Release|Any CPU.Build.0 = Release|Any CPU
		{1AD94BCB-79A6-4C8F-B6ED-8CBB4C6A8D1E}.Debug|Any CPU.ActiveCfg = Debug|Any CPU
		{1AD94BCB-79A6-4C8F-B6ED-8CBB4C6A8D1E}.Debug|Any CPU.Build.0 = Debug|Any CPU
		{1AD94BCB-79A6-4C8F-B6ED-8CBB4C6A8D1E}.Release|Any CPU.ActiveCfg = Release|Any CPU
		{1AD94BCB-79A6-4C8F-B6ED-8CBB4C6A8D1E}.Release|Any CPU.Build.0 = Release|Any CPU
	EndGlobalSection
	GlobalSection(SolutionProperties) = preSolution
		HideSolutionNode = FALSE
	EndGlobalSection
	GlobalSection(ExtensibilityGlobals) = postSolution
		SolutionGuid = {059F7A7A-17E2-43DD-8026-2AFBB182BF33}
	EndGlobalSection
EndGlobal
